// !$*UTF8*$!
{
	archiveVersion = 1;
	classes = {
	};
	objectVersion = 51;
	objects = {

/* Begin PBXBuildFile section */
		2489480125E52EEC002E7C99 /* AppDelegate.swift in Sources */ = {isa = PBXBuildFile; fileRef = 2489480025E52EEC002E7C99 /* AppDelegate.swift */; };
		2489480525E52EEC002E7C99 /* ViewController.swift in Sources */ = {isa = PBXBuildFile; fileRef = 2489480425E52EEC002E7C99 /* ViewController.swift */; };
		2489480825E52EEC002E7C99 /* Main.storyboard in Resources */ = {isa = PBXBuildFile; fileRef = 2489480625E52EEC002E7C99 /* Main.storyboard */; };
		2489480A25E52EF0002E7C99 /* Assets.xcassets in Resources */ = {isa = PBXBuildFile; fileRef = 2489480925E52EF0002E7C99 /* Assets.xcassets */; };
		2489480D25E52EF0002E7C99 /* LaunchScreen.storyboard in Resources */ = {isa = PBXBuildFile; fileRef = 2489480B25E52EF0002E7C99 /* LaunchScreen.storyboard */; };
		2489481825E52EF0002E7C99 /* MajiDemoTests.swift in Sources */ = {isa = PBXBuildFile; fileRef = 2489481725E52EF0002E7C99 /* MajiDemoTests.swift */; };
		2489482325E52EF0002E7C99 /* MajiDemoUITests.swift in Sources */ = {isa = PBXBuildFile; fileRef = 2489482225E52EF0002E7C99 /* MajiDemoUITests.swift */; };
		2489484D25E535C1002E7C99 /* MjProvider.swift in Sources */ = {isa = PBXBuildFile; fileRef = 2489484C25E535C1002E7C99 /* MjProvider.swift */; };
		2489485925E54CEA002E7C99 /* MainModel.swift in Sources */ = {isa = PBXBuildFile; fileRef = 2489485825E54CEA002E7C99 /* MainModel.swift */; };
		2489486D25E67763002E7C99 /* MainNetworking.swift in Sources */ = {isa = PBXBuildFile; fileRef = 2489486C25E67763002E7C99 /* MainNetworking.swift */; };
		2489487F25E68F38002E7C99 /* RealmManager.swift in Sources */ = {isa = PBXBuildFile; fileRef = 2489487E25E68F38002E7C99 /* RealmManager.swift */; };
		2489489225E80E57002E7C99 /* HistoryListViewController.swift in Sources */ = {isa = PBXBuildFile; fileRef = 2489489125E80E57002E7C99 /* HistoryListViewController.swift */; };
		2489489725E81300002E7C99 /* DetailViewController.swift in Sources */ = {isa = PBXBuildFile; fileRef = 2489489625E81300002E7C99 /* DetailViewController.swift */; };
		4E892CAC32CB05CE91945E8C /* Pods_MajiDemo.framework in Frameworks */ = {isa = PBXBuildFile; fileRef = CC204A86862C764014DC2176 /* Pods_MajiDemo.framework */; };
/* End PBXBuildFile section */

/* Begin PBXContainerItemProxy section */
		2489481425E52EF0002E7C99 /* PBXContainerItemProxy */ = {
			isa = PBXContainerItemProxy;
			containerPortal = 248947F525E52EEC002E7C99 /* Project object */;
			proxyType = 1;
			remoteGlobalIDString = 248947FC25E52EEC002E7C99;
			remoteInfo = MajiDemo;
		};
		2489481F25E52EF0002E7C99 /* PBXContainerItemProxy */ = {
			isa = PBXContainerItemProxy;
			containerPortal = 248947F525E52EEC002E7C99 /* Project object */;
			proxyType = 1;
			remoteGlobalIDString = 248947FC25E52EEC002E7C99;
			remoteInfo = MajiDemo;
		};
/* End PBXContainerItemProxy section */

/* Begin PBXFileReference section */
		248947FD25E52EEC002E7C99 /* MajiDemo.app */ = {isa = PBXFileReference; explicitFileType = wrapper.application; includeInIndex = 0; path = MajiDemo.app; sourceTree = BUILT_PRODUCTS_DIR; };
		2489480025E52EEC002E7C99 /* AppDelegate.swift */ = {isa = PBXFileReference; lastKnownFileType = sourcecode.swift; path = AppDelegate.swift; sourceTree = "<group>"; };
		2489480425E52EEC002E7C99 /* ViewController.swift */ = {isa = PBXFileReference; lastKnownFileType = sourcecode.swift; path = ViewController.swift; sourceTree = "<group>"; };
		2489480725E52EEC002E7C99 /* Base */ = {isa = PBXFileReference; lastKnownFileType = file.storyboard; name = Base; path = Base.lproj/Main.storyboard; sourceTree = "<group>"; };
		2489480925E52EF0002E7C99 /* Assets.xcassets */ = {isa = PBXFileReference; lastKnownFileType = folder.assetcatalog; path = Assets.xcassets; sourceTree = "<group>"; };
		2489480C25E52EF0002E7C99 /* Base */ = {isa = PBXFileReference; lastKnownFileType = file.storyboard; name = Base; path = Base.lproj/LaunchScreen.storyboard; sourceTree = "<group>"; };
		2489480E25E52EF0002E7C99 /* Info.plist */ = {isa = PBXFileReference; lastKnownFileType = text.plist.xml; path = Info.plist; sourceTree = "<group>"; };
		2489481325E52EF0002E7C99 /* MajiDemoTests.xctest */ = {isa = PBXFileReference; explicitFileType = wrapper.cfbundle; includeInIndex = 0; path = MajiDemoTests.xctest; sourceTree = BUILT_PRODUCTS_DIR; };
		2489481725E52EF0002E7C99 /* MajiDemoTests.swift */ = {isa = PBXFileReference; lastKnownFileType = sourcecode.swift; path = MajiDemoTests.swift; sourceTree = "<group>"; };
		2489481925E52EF0002E7C99 /* Info.plist */ = {isa = PBXFileReference; lastKnownFileType = text.plist.xml; path = Info.plist; sourceTree = "<group>"; };
		2489481E25E52EF0002E7C99 /* MajiDemoUITests.xctest */ = {isa = PBXFileReference; explicitFileType = wrapper.cfbundle; includeInIndex = 0; path = MajiDemoUITests.xctest; sourceTree = BUILT_PRODUCTS_DIR; };
		2489482225E52EF0002E7C99 /* MajiDemoUITests.swift */ = {isa = PBXFileReference; lastKnownFileType = sourcecode.swift; path = MajiDemoUITests.swift; sourceTree = "<group>"; };
		2489482425E52EF0002E7C99 /* Info.plist */ = {isa = PBXFileReference; lastKnownFileType = text.plist.xml; path = Info.plist; sourceTree = "<group>"; };
		2489484C25E535C1002E7C99 /* MjProvider.swift */ = {isa = PBXFileReference; lastKnownFileType = sourcecode.swift; path = MjProvider.swift; sourceTree = "<group>"; };
		2489485825E54CEA002E7C99 /* MainModel.swift */ = {isa = PBXFileReference; lastKnownFileType = sourcecode.swift; path = MainModel.swift; sourceTree = "<group>"; };
		2489486625E67507002E7C99 /* Realm.framework */ = {isa = PBXFileReference; lastKnownFileType = wrapper.framework; name = Realm.framework; path = "../Downloads/realm-objc-3.13.1/ios/dynamic/Realm.framework"; sourceTree = "<group>"; };
		2489486C25E67763002E7C99 /* MainNetworking.swift */ = {isa = PBXFileReference; lastKnownFileType = sourcecode.swift; name = MainNetworking.swift; path = MajiDemo/MainNetworking.swift; sourceTree = SOURCE_ROOT; };
		2489487E25E68F38002E7C99 /* RealmManager.swift */ = {isa = PBXFileReference; lastKnownFileType = sourcecode.swift; path = RealmManager.swift; sourceTree = "<group>"; };
		2489489125E80E57002E7C99 /* HistoryListViewController.swift */ = {isa = PBXFileReference; lastKnownFileType = sourcecode.swift; name = HistoryListViewController.swift; path = MajiDemo/HistoryListViewController.swift; sourceTree = SOURCE_ROOT; };
		2489489625E81300002E7C99 /* DetailViewController.swift */ = {isa = PBXFileReference; lastKnownFileType = sourcecode.swift; name = DetailViewController.swift; path = MajiDemo/DetailViewController.swift; sourceTree = SOURCE_ROOT; };
		653DE1EA7E99CC097CE81279 /* Pods-MajiDemo.debug.xcconfig */ = {isa = PBXFileReference; includeInIndex = 1; lastKnownFileType = text.xcconfig; name = "Pods-MajiDemo.debug.xcconfig"; path = "Target Support Files/Pods-MajiDemo/Pods-MajiDemo.debug.xcconfig"; sourceTree = "<group>"; };
		CC204A86862C764014DC2176 /* Pods_MajiDemo.framework */ = {isa = PBXFileReference; explicitFileType = wrapper.framework; includeInIndex = 0; path = Pods_MajiDemo.framework; sourceTree = BUILT_PRODUCTS_DIR; };
		FB4148A233080087E46768AB /* Pods-MajiDemo.release.xcconfig */ = {isa = PBXFileReference; includeInIndex = 1; lastKnownFileType = text.xcconfig; name = "Pods-MajiDemo.release.xcconfig"; path = "Target Support Files/Pods-MajiDemo/Pods-MajiDemo.release.xcconfig"; sourceTree = "<group>"; };
/* End PBXFileReference section */

/* Begin PBXFrameworksBuildPhase section */
		248947FA25E52EEC002E7C99 /* Frameworks */ = {
			isa = PBXFrameworksBuildPhase;
			buildActionMask = 2147483647;
			files = (
				4E892CAC32CB05CE91945E8C /* Pods_MajiDemo.framework in Frameworks */,
			);
			runOnlyForDeploymentPostprocessing = 0;
		};
		2489481025E52EF0002E7C99 /* Frameworks */ = {
			isa = PBXFrameworksBuildPhase;
			buildActionMask = 2147483647;
			files = (
			);
			runOnlyForDeploymentPostprocessing = 0;
		};
		2489481B25E52EF0002E7C99 /* Frameworks */ = {
			isa = PBXFrameworksBuildPhase;
			buildActionMask = 2147483647;
			files = (
			);
			runOnlyForDeploymentPostprocessing = 0;
		};
/* End PBXFrameworksBuildPhase section */

/* Begin PBXGroup section */
		248947F425E52EEC002E7C99 = {
			isa = PBXGroup;
			children = (
				248947FF25E52EEC002E7C99 /* MajiDemo */,
				2489481625E52EF0002E7C99 /* MajiDemoTests */,
				2489482125E52EF0002E7C99 /* MajiDemoUITests */,
				248947FE25E52EEC002E7C99 /* Products */,
				B4068462D57EF3D85FAD3B52 /* Pods */,
				8796B6D97963E7A79FF7A42D /* Frameworks */,
			);
			sourceTree = "<group>";
		};
		248947FE25E52EEC002E7C99 /* Products */ = {
			isa = PBXGroup;
			children = (
				248947FD25E52EEC002E7C99 /* MajiDemo.app */,
				2489481325E52EF0002E7C99 /* MajiDemoTests.xctest */,
				2489481E25E52EF0002E7C99 /* MajiDemoUITests.xctest */,
			);
			name = Products;
			sourceTree = "<group>";
		};
		248947FF25E52EEC002E7C99 /* MajiDemo */ = {
			isa = PBXGroup;
			children = (
				8437623725E61F5D00C485B7 /* module */,
				2489480025E52EEC002E7C99 /* AppDelegate.swift */,
				2489487E25E68F38002E7C99 /* RealmManager.swift */,
				2489480625E52EEC002E7C99 /* Main.storyboard */,
				2489480925E52EF0002E7C99 /* Assets.xcassets */,
				2489480B25E52EF0002E7C99 /* LaunchScreen.storyboard */,
				2489480E25E52EF0002E7C99 /* Info.plist */,
			);
			path = MajiDemo;
			sourceTree = "<group>";
		};
		2489481625E52EF0002E7C99 /* MajiDemoTests */ = {
			isa = PBXGroup;
			children = (
				2489481725E52EF0002E7C99 /* MajiDemoTests.swift */,
				2489481925E52EF0002E7C99 /* Info.plist */,
			);
			path = MajiDemoTests;
			sourceTree = "<group>";
		};
		2489482125E52EF0002E7C99 /* MajiDemoUITests */ = {
			isa = PBXGroup;
			children = (
				2489482225E52EF0002E7C99 /* MajiDemoUITests.swift */,
				2489482425E52EF0002E7C99 /* Info.plist */,
			);
			path = MajiDemoUITests;
			sourceTree = "<group>";
		};
		8437623725E61F5D00C485B7 /* module */ = {
			isa = PBXGroup;
			children = (
				8437629E25E657E700C485B7 /* main */,
			);
			path = module;
			sourceTree = "<group>";
		};
		8437629E25E657E700C485B7 /* main */ = {
			isa = PBXGroup;
			children = (
				2489480425E52EEC002E7C99 /* ViewController.swift */,
				2489489125E80E57002E7C99 /* HistoryListViewController.swift */,
				2489489625E81300002E7C99 /* DetailViewController.swift */,
				2489484C25E535C1002E7C99 /* MjProvider.swift */,
				2489485825E54CEA002E7C99 /* MainModel.swift */,
				2489486C25E67763002E7C99 /* MainNetworking.swift */,
			);
			path = main;
			sourceTree = "<group>";
		};
		8796B6D97963E7A79FF7A42D /* Frameworks */ = {
			isa = PBXGroup;
			children = (
				2489486625E67507002E7C99 /* Realm.framework */,
				CC204A86862C764014DC2176 /* Pods_MajiDemo.framework */,
			);
			name = Frameworks;
			sourceTree = "<group>";
		};
		B4068462D57EF3D85FAD3B52 /* Pods */ = {
			isa = PBXGroup;
			children = (
				653DE1EA7E99CC097CE81279 /* Pods-MajiDemo.debug.xcconfig */,
				FB4148A233080087E46768AB /* Pods-MajiDemo.release.xcconfig */,
			);
			path = Pods;
			sourceTree = "<group>";
		};
/* End PBXGroup section */

/* Begin PBXNativeTarget section */
		248947FC25E52EEC002E7C99 /* MajiDemo */ = {
			isa = PBXNativeTarget;
			buildConfigurationList = 2489482725E52EF0002E7C99 /* Build configuration list for PBXNativeTarget "MajiDemo" */;
			buildPhases = (
				9D4104220AF2C0DF39110434 /* [CP] Check Pods Manifest.lock */,
				248947F925E52EEC002E7C99 /* Sources */,
				248947FA25E52EEC002E7C99 /* Frameworks */,
				248947FB25E52EEC002E7C99 /* Resources */,
				2431B61DEE99F903DD3BECD8 /* [CP] Embed Pods Frameworks */,
			);
			buildRules = (
			);
			dependencies = (
			);
			name = MajiDemo;
			productName = MajiDemo;
			productReference = 248947FD25E52EEC002E7C99 /* MajiDemo.app */;
			productType = "com.apple.product-type.application";
		};
		2489481225E52EF0002E7C99 /* MajiDemoTests */ = {
			isa = PBXNativeTarget;
			buildConfigurationList = 2489482A25E52EF0002E7C99 /* Build configuration list for PBXNativeTarget "MajiDemoTests" */;
			buildPhases = (
				2489480F25E52EF0002E7C99 /* Sources */,
				2489481025E52EF0002E7C99 /* Frameworks */,
				2489481125E52EF0002E7C99 /* Resources */,
			);
			buildRules = (
			);
			dependencies = (
				2489481525E52EF0002E7C99 /* PBXTargetDependency */,
			);
			name = MajiDemoTests;
			productName = MajiDemoTests;
			productReference = 2489481325E52EF0002E7C99 /* MajiDemoTests.xctest */;
			productType = "com.apple.product-type.bundle.unit-test";
		};
		2489481D25E52EF0002E7C99 /* MajiDemoUITests */ = {
			isa = PBXNativeTarget;
			buildConfigurationList = 2489482D25E52EF0002E7C99 /* Build configuration list for PBXNativeTarget "MajiDemoUITests" */;
			buildPhases = (
				2489481A25E52EF0002E7C99 /* Sources */,
				2489481B25E52EF0002E7C99 /* Frameworks */,
				2489481C25E52EF0002E7C99 /* Resources */,
			);
			buildRules = (
			);
			dependencies = (
				2489482025E52EF0002E7C99 /* PBXTargetDependency */,
			);
			name = MajiDemoUITests;
			productName = MajiDemoUITests;
			productReference = 2489481E25E52EF0002E7C99 /* MajiDemoUITests.xctest */;
			productType = "com.apple.product-type.bundle.ui-testing";
		};
/* End PBXNativeTarget section */

/* Begin PBXProject section */
		248947F525E52EEC002E7C99 /* Project object */ = {
			isa = PBXProject;
			attributes = {
				LastSwiftUpdateCheck = 1240;
				LastUpgradeCheck = 1240;
				TargetAttributes = {
					248947FC25E52EEC002E7C99 = {
						CreatedOnToolsVersion = 12.4;
					};
					2489481225E52EF0002E7C99 = {
						CreatedOnToolsVersion = 12.4;
						TestTargetID = 248947FC25E52EEC002E7C99;
					};
					2489481D25E52EF0002E7C99 = {
						CreatedOnToolsVersion = 12.4;
						TestTargetID = 248947FC25E52EEC002E7C99;
					};
				};
			};
			buildConfigurationList = 248947F825E52EEC002E7C99 /* Build configuration list for PBXProject "MajiDemo" */;
			compatibilityVersion = "Xcode 9.3";
			developmentRegion = en;
			hasScannedForEncodings = 0;
			knownRegions = (
				en,
				Base,
			);
			mainGroup = 248947F425E52EEC002E7C99;
			productRefGroup = 248947FE25E52EEC002E7C99 /* Products */;
			projectDirPath = "";
			projectRoot = "";
			targets = (
				248947FC25E52EEC002E7C99 /* MajiDemo */,
				2489481225E52EF0002E7C99 /* MajiDemoTests */,
				2489481D25E52EF0002E7C99 /* MajiDemoUITests */,
			);
		};
/* End PBXProject section */

/* Begin PBXResourcesBuildPhase section */
		248947FB25E52EEC002E7C99 /* Resources */ = {
			isa = PBXResourcesBuildPhase;
			buildActionMask = 2147483647;
			files = (
				2489480D25E52EF0002E7C99 /* LaunchScreen.storyboard in Resources */,
				2489480A25E52EF0002E7C99 /* Assets.xcassets in Resources */,
				2489480825E52EEC002E7C99 /* Main.storyboard in Resources */,
			);
			runOnlyForDeploymentPostprocessing = 0;
		};
		2489481125E52EF0002E7C99 /* Resources */ = {
			isa = PBXResourcesBuildPhase;
			buildActionMask = 2147483647;
			files = (
			);
			runOnlyForDeploymentPostprocessing = 0;
		};
		2489481C25E52EF0002E7C99 /* Resources */ = {
			isa = PBXResourcesBuildPhase;
			buildActionMask = 2147483647;
			files = (
			);
			runOnlyForDeploymentPostprocessing = 0;
		};
/* End PBXResourcesBuildPhase section */

/* Begin PBXShellScriptBuildPhase section */
		2431B61DEE99F903DD3BECD8 /* [CP] Embed Pods Frameworks */ = {
			isa = PBXShellScriptBuildPhase;
			buildActionMask = 2147483647;
			files = (
			);
			inputFileListPaths = (
				"${PODS_ROOT}/Target Support Files/Pods-MajiDemo/Pods-MajiDemo-frameworks-${CONFIGURATION}-input-files.xcfilelist",
			);
			name = "[CP] Embed Pods Frameworks";
			outputFileListPaths = (
				"${PODS_ROOT}/Target Support Files/Pods-MajiDemo/Pods-MajiDemo-frameworks-${CONFIGURATION}-output-files.xcfilelist",
			);
			runOnlyForDeploymentPostprocessing = 0;
			shellPath = /bin/sh;
			shellScript = "\"${PODS_ROOT}/Target Support Files/Pods-MajiDemo/Pods-MajiDemo-frameworks.sh\"\n";
			showEnvVarsInLog = 0;
		};
		9D4104220AF2C0DF39110434 /* [CP] Check Pods Manifest.lock */ = {
			isa = PBXShellScriptBuildPhase;
			buildActionMask = 2147483647;
			files = (
			);
			inputFileListPaths = (
			);
			inputPaths = (
				"${PODS_PODFILE_DIR_PATH}/Podfile.lock",
				"${PODS_ROOT}/Manifest.lock",
			);
			name = "[CP] Check Pods Manifest.lock";
			outputFileListPaths = (
			);
			outputPaths = (
				"$(DERIVED_FILE_DIR)/Pods-MajiDemo-checkManifestLockResult.txt",
			);
			runOnlyForDeploymentPostprocessing = 0;
			shellPath = /bin/sh;
			shellScript = "diff \"${PODS_PODFILE_DIR_PATH}/Podfile.lock\" \"${PODS_ROOT}/Manifest.lock\" > /dev/null\nif [ $? != 0 ] ; then\n    # print error to STDERR\n    echo \"error: The sandbox is not in sync with the Podfile.lock. Run 'pod install' or update your CocoaPods installation.\" >&2\n    exit 1\nfi\n# This output is used by Xcode 'outputs' to avoid re-running this script phase.\necho \"SUCCESS\" > \"${SCRIPT_OUTPUT_FILE_0}\"\n";
			showEnvVarsInLog = 0;
		};
/* End PBXShellScriptBuildPhase section */

/* Begin PBXSourcesBuildPhase section */
		248947F925E52EEC002E7C99 /* Sources */ = {
			isa = PBXSourcesBuildPhase;
			buildActionMask = 2147483647;
			files = (
				2489486D25E67763002E7C99 /* MainNetworking.swift in Sources */,
				2489485925E54CEA002E7C99 /* MainModel.swift in Sources */,
				2489489225E80E57002E7C99 /* HistoryListViewController.swift in Sources */,
				2489484D25E535C1002E7C99 /* MjProvider.swift in Sources */,
				2489487F25E68F38002E7C99 /* RealmManager.swift in Sources */,
				2489480525E52EEC002E7C99 /* ViewController.swift in Sources */,
				2489480125E52EEC002E7C99 /* AppDelegate.swift in Sources */,
				2489489725E81300002E7C99 /* DetailViewController.swift in Sources */,
			);
			runOnlyForDeploymentPostprocessing = 0;
		};
		2489480F25E52EF0002E7C99 /* Sources */ = {
			isa = PBXSourcesBuildPhase;
			buildActionMask = 2147483647;
			files = (
				2489481825E52EF0002E7C99 /* MajiDemoTests.swift in Sources */,
			);
			runOnlyForDeploymentPostprocessing = 0;
		};
		2489481A25E52EF0002E7C99 /* Sources */ = {
			isa = PBXSourcesBuildPhase;
			buildActionMask = 2147483647;
			files = (
				2489482325E52EF0002E7C99 /* MajiDemoUITests.swift in Sources */,
			);
			runOnlyForDeploymentPostprocessing = 0;
		};
/* End PBXSourcesBuildPhase section */

/* Begin PBXTargetDependency section */
		2489481525E52EF0002E7C99 /* PBXTargetDependency */ = {
			isa = PBXTargetDependency;
			target = 248947FC25E52EEC002E7C99 /* MajiDemo */;
			targetProxy = 2489481425E52EF0002E7C99 /* PBXContainerItemProxy */;
		};
		2489482025E52EF0002E7C99 /* PBXTargetDependency */ = {
			isa = PBXTargetDependency;
			target = 248947FC25E52EEC002E7C99 /* MajiDemo */;
			targetProxy = 2489481F25E52EF0002E7C99 /* PBXContainerItemProxy */;
		};
/* End PBXTargetDependency section */

/* Begin PBXVariantGroup section */
		2489480625E52EEC002E7C99 /* Main.storyboard */ = {
			isa = PBXVariantGroup;
			children = (
				2489480725E52EEC002E7C99 /* Base */,
			);
			name = Main.storyboard;
			sourceTree = "<group>";
		};
		2489480B25E52EF0002E7C99 /* LaunchScreen.storyboard */ = {
			isa = PBXVariantGroup;
			children = (
				2489480C25E52EF0002E7C99 /* Base */,
			);
			name = LaunchScreen.storyboard;
			sourceTree = "<group>";
		};
/* End PBXVariantGroup section */

/* Begin XCBuildConfiguration section */
		2489482525E52EF0002E7C99 /* Debug */ = {
			isa = XCBuildConfiguration;
			buildSettings = {
				ALWAYS_SEARCH_USER_PATHS = NO;
				CLANG_ANALYZER_NONNULL = YES;
				CLANG_ANALYZER_NUMBER_OBJECT_CONVERSION = YES_AGGRESSIVE;
				CLANG_CXX_LANGUAGE_STANDARD = "gnu++14";
				CLANG_CXX_LIBRARY = "libc++";
				CLANG_ENABLE_MODULES = YES;
				CLANG_ENABLE_OBJC_ARC = YES;
				CLANG_ENABLE_OBJC_WEAK = YES;
				CLANG_WARN_BLOCK_CAPTURE_AUTORELEASING = YES;
				CLANG_WARN_BOOL_CONVERSION = YES;
				CLANG_WARN_COMMA = YES;
				CLANG_WARN_CONSTANT_CONVERSION = YES;
				CLANG_WARN_DEPRECATED_OBJC_IMPLEMENTATIONS = YES;
				CLANG_WARN_DIRECT_OBJC_ISA_USAGE = YES_ERROR;
				CLANG_WARN_DOCUMENTATION_COMMENTS = YES;
				CLANG_WARN_EMPTY_BODY = YES;
				CLANG_WARN_ENUM_CONVERSION = YES;
				CLANG_WARN_INFINITE_RECURSION = YES;
				CLANG_WARN_INT_CONVERSION = YES;
				CLANG_WARN_NON_LITERAL_NULL_CONVERSION = YES;
				CLANG_WARN_OBJC_IMPLICIT_RETAIN_SELF = YES;
				CLANG_WARN_OBJC_LITERAL_CONVERSION = YES;
				CLANG_WARN_OBJC_ROOT_CLASS = YES_ERROR;
				CLANG_WARN_QUOTED_INCLUDE_IN_FRAMEWORK_HEADER = YES;
				CLANG_WARN_RANGE_LOOP_ANALYSIS = YES;
				CLANG_WARN_STRICT_PROTOTYPES = YES;
				CLANG_WARN_SUSPICIOUS_MOVE = YES;
				CLANG_WARN_UNGUARDED_AVAILABILITY = YES_AGGRESSIVE;
				CLANG_WARN_UNREACHABLE_CODE = YES;
				CLANG_WARN__DUPLICATE_METHOD_MATCH = YES;
				COPY_PHASE_STRIP = NO;
				DEBUG_INFORMATION_FORMAT = dwarf;
				ENABLE_STRICT_OBJC_MSGSEND = YES;
				ENABLE_TESTABILITY = YES;
				GCC_C_LANGUAGE_STANDARD = gnu11;
				GCC_DYNAMIC_NO_PIC = NO;
				GCC_NO_COMMON_BLOCKS = YES;
				GCC_OPTIMIZATION_LEVEL = 0;
				GCC_PREPROCESSOR_DEFINITIONS = (
					"DEBUG=1",
					"$(inherited)",
				);
				GCC_WARN_64_TO_32_BIT_CONVERSION = YES;
				GCC_WARN_ABOUT_RETURN_TYPE = YES_ERROR;
				GCC_WARN_UNDECLARED_SELECTOR = YES;
				GCC_WARN_UNINITIALIZED_AUTOS = YES_AGGRESSIVE;
				GCC_WARN_UNUSED_FUNCTION = YES;
				GCC_WARN_UNUSED_VARIABLE = YES;
				IPHONEOS_DEPLOYMENT_TARGET = 14.4;
				MTL_ENABLE_DEBUG_INFO = INCLUDE_SOURCE;
				MTL_FAST_MATH = YES;
				ONLY_ACTIVE_ARCH = YES;
				SDKROOT = iphoneos;
				SWIFT_ACTIVE_COMPILATION_CONDITIONS = DEBUG;
				SWIFT_OPTIMIZATION_LEVEL = "-Onone";
			};
			name = Debug;
		};
		2489482625E52EF0002E7C99 /* Release */ = {
			isa = XCBuildConfiguration;
			buildSettings = {
				ALWAYS_SEARCH_USER_PATHS = NO;
				CLANG_ANALYZER_NONNULL = YES;
				CLANG_ANALYZER_NUMBER_OBJECT_CONVERSION = YES_AGGRESSIVE;
				CLANG_CXX_LANGUAGE_STANDARD = "gnu++14";
				CLANG_CXX_LIBRARY = "libc++";
				CLANG_ENABLE_MODULES = YES;
				CLANG_ENABLE_OBJC_ARC = YES;
				CLANG_ENABLE_OBJC_WEAK = YES;
				CLANG_WARN_BLOCK_CAPTURE_AUTORELEASING = YES;
				CLANG_WARN_BOOL_CONVERSION = YES;
				CLANG_WARN_COMMA = YES;
				CLANG_WARN_CONSTANT_CONVERSION = YES;
				CLANG_WARN_DEPRECATED_OBJC_IMPLEMENTATIONS = YES;
				CLANG_WARN_DIRECT_OBJC_ISA_USAGE = YES_ERROR;
				CLANG_WARN_DOCUMENTATION_COMMENTS = YES;
				CLANG_WARN_EMPTY_BODY = YES;
				CLANG_WARN_ENUM_CONVERSION = YES;
				CLANG_WARN_INFINITE_RECURSION = YES;
				CLANG_WARN_INT_CONVERSION = YES;
				CLANG_WARN_NON_LITERAL_NULL_CONVERSION = YES;
				CLANG_WARN_OBJC_IMPLICIT_RETAIN_SELF = YES;
				CLANG_WARN_OBJC_LITERAL_CONVERSION = YES;
				CLANG_WARN_OBJC_ROOT_CLASS = YES_ERROR;
				CLANG_WARN_QUOTED_INCLUDE_IN_FRAMEWORK_HEADER = YES;
				CLANG_WARN_RANGE_LOOP_ANALYSIS = YES;
				CLANG_WARN_STRICT_PROTOTYPES = YES;
				CLANG_WARN_SUSPICIOUS_MOVE = YES;
				CLANG_WARN_UNGUARDED_AVAILABILITY = YES_AGGRESSIVE;
				CLANG_WARN_UNREACHABLE_CODE = YES;
				CLANG_WARN__DUPLICATE_METHOD_MATCH = YES;
				COPY_PHASE_STRIP = NO;
				DEBUG_INFORMATION_FORMAT = "dwarf-with-dsym";
				ENABLE_NS_ASSERTIONS = NO;
				ENABLE_STRICT_OBJC_MSGSEND = YES;
				GCC_C_LANGUAGE_STANDARD = gnu11;
				GCC_NO_COMMON_BLOCKS = YES;
				GCC_WARN_64_TO_32_BIT_CONVERSION = YES;
				GCC_WARN_ABOUT_RETURN_TYPE = YES_ERROR;
				GCC_WARN_UNDECLARED_SELECTOR = YES;
				GCC_WARN_UNINITIALIZED_AUTOS = YES_AGGRESSIVE;
				GCC_WARN_UNUSED_FUNCTION = YES;
				GCC_WARN_UNUSED_VARIABLE = YES;
				IPHONEOS_DEPLOYMENT_TARGET = 14.4;
				MTL_ENABLE_DEBUG_INFO = NO;
				MTL_FAST_MATH = YES;
				SDKROOT = iphoneos;
				SWIFT_COMPILATION_MODE = wholemodule;
				SWIFT_OPTIMIZATION_LEVEL = "-O";
				VALIDATE_PRODUCT = YES;
			};
			name = Release;
		};
		2489482825E52EF0002E7C99 /* Debug */ = {
			isa = XCBuildConfiguration;
			baseConfigurationReference = 653DE1EA7E99CC097CE81279 /* Pods-MajiDemo.debug.xcconfig */;
			buildSettings = {
				ASSETCATALOG_COMPILER_APPICON_NAME = AppIcon;
				ASSETCATALOG_COMPILER_GLOBAL_ACCENT_COLOR_NAME = AccentColor;
				CODE_SIGN_STYLE = Automatic;
				INFOPLIST_FILE = MajiDemo/Info.plist;
				IPHONEOS_DEPLOYMENT_TARGET = 12.1;
				LD_RUNPATH_SEARCH_PATHS = (
					"$(inherited)",
					"@executable_path/Frameworks",
				);
				PRODUCT_BUNDLE_IDENTIFIER = com.gwq.MajiDemo;
				PRODUCT_NAME = "$(TARGET_NAME)";
				SWIFT_VERSION = 5.0;
				TARGETED_DEVICE_FAMILY = "1,2";
			};
			name = Debug;
		};
		2489482925E52EF0002E7C99 /* Release */ = {
			isa = XCBuildConfiguration;
			baseConfigurationReference = FB4148A233080087E46768AB /* Pods-MajiDemo.release.xcconfig */;
			buildSettings = {
				ASSETCATALOG_COMPILER_APPICON_NAME = AppIcon;
				ASSETCATALOG_COMPILER_GLOBAL_ACCENT_COLOR_NAME = AccentColor;
				CODE_SIGN_STYLE = Automatic;
				INFOPLIST_FILE = MajiDemo/Info.plist;
				IPHONEOS_DEPLOYMENT_TARGET = 12.1;
				LD_RUNPATH_SEARCH_PATHS = (
					"$(inherited)",
					"@executable_path/Frameworks",
				);
				PRODUCT_BUNDLE_IDENTIFIER = com.gwq.MajiDemo;
				PRODUCT_NAME = "$(TARGET_NAME)";
				SWIFT_VERSION = 5.0;
				TARGETED_DEVICE_FAMILY = "1,2";
			};
			name = Release;
		};
		2489482B25E52EF0002E7C99 /* Debug */ = {
			isa = XCBuildConfiguration;
			buildSettings = {
				ALWAYS_EMBED_SWIFT_STANDARD_LIBRARIES = YES;
				BUNDLE_LOADER = "$(TEST_HOST)";
				CODE_SIGN_STYLE = Automatic;
				INFOPLIST_FILE = MajiDemoTests/Info.plist;
				IPHONEOS_DEPLOYMENT_TARGET = 14.4;
				LD_RUNPATH_SEARCH_PATHS = (
					"$(inherited)",
					"@executable_path/Frameworks",
					"@loader_path/Frameworks",
				);
				PRODUCT_BUNDLE_IDENTIFIER = com.gwq.MajiDemoTests;
				PRODUCT_NAME = "$(TARGET_NAME)";
				SWIFT_VERSION = 5.0;
				TARGETED_DEVICE_FAMILY = "1,2";
				TEST_HOST = "$(BUILT_PRODUCTS_DIR)/MajiDemo.app/MajiDemo";
			};
			name = Debug;
		};
		2489482C25E52EF0002E7C99 /* Release */ = {
			isa = XCBuildConfiguration;
			buildSettings = {
				ALWAYS_EMBED_SWIFT_STANDARD_LIBRARIES = YES;
				BUNDLE_LOADER = "$(TEST_HOST)";
				CODE_SIGN_STYLE = Automatic;
				INFOPLIST_FILE = MajiDemoTests/Info.plist;
				IPHONEOS_DEPLOYMENT_TARGET = 14.4;
				LD_RUNPATH_SEARCH_PATHS = (
					"$(inherited)",
					"@executable_path/Frameworks",
					"@loader_path/Frameworks",
				);
				PRODUCT_BUNDLE_IDENTIFIER = com.gwq.MajiDemoTests;
				PRODUCT_NAME = "$(TARGET_NAME)";
				SWIFT_VERSION = 5.0;
				TARGETED_DEVICE_FAMILY = "1,2";
				TEST_HOST = "$(BUILT_PRODUCTS_DIR)/MajiDemo.app/MajiDemo";
			};
			name = Release;
		};
		2489482E25E52EF0002E7C99 /* Debug */ = {
			isa = XCBuildConfiguration;
			buildSettings = {
				ALWAYS_EMBED_SWIFT_STANDARD_LIBRARIES = YES;
				CODE_SIGN_STYLE = Automatic;
				INFOPLIST_FILE = MajiDemoUITests/Info.plist;
				LD_RUNPATH_SEARCH_PATHS = (
					"$(inherited)",
					"@executable_path/Frameworks",
					"@loader_path/Frameworks",
				);
				PRODUCT_BUNDLE_IDENTIFIER = com.gwq.MajiDemoUITests;
				PRODUCT_NAME = "$(TARGET_NAME)";
				SWIFT_VERSION = 5.0;
				TARGETED_DEVICE_FAMILY = "1,2";
				TEST_TARGET_NAME = MajiDemo;
			};
			name = Debug;
		};
		2489482F25E52EF0002E7C99 /* Release */ = {
			isa = XCBuildConfiguration;
			buildSettings = {
				ALWAYS_EMBED_SWIFT_STANDARD_LIBRARIES = YES;
				CODE_SIGN_STYLE = Automatic;
				INFOPLIST_FILE = MajiDemoUITests/Info.plist;
				LD_RUNPATH_SEARCH_PATHS = (
					"$(inherited)",
					"@executable_path/Frameworks",
					"@loader_path/Frameworks",
				);
				PRODUCT_BUNDLE_IDENTIFIER = com.gwq.MajiDemoUITests;
				PRODUCT_NAME = "$(TARGET_NAME)";
				SWIFT_VERSION = 5.0;
				TARGETED_DEVICE_FAMILY = "1,2";
				TEST_TARGET_NAME = MajiDemo;
			};
			name = Release;
		};
/* End XCBuildConfiguration section */

/* Begin XCConfigurationList section */
		248947F825E52EEC002E7C99 /* Build configuration list for PBXProject "MajiDemo" */ = {
			isa = XCConfigurationList;
			buildConfigurations = (
				2489482525E52EF0002E7C99 /* Debug */,
				2489482625E52EF0002E7C99 /* Release */,
			);
			defaultConfigurationIsVisible = 0;
			defaultConfigurationName = Release;
		};
		2489482725E52EF0002E7C99 /* Build configuration list for PBXNativeTarget "MajiDemo" */ = {
			isa = XCConfigurationList;
			buildConfigurations = (
				2489482825E52EF0002E7C99 /* Debug */,
				2489482925E52EF0002E7C99 /* Release */,
			);
			defaultConfigurationIsVisible = 0;
			defaultConfigurationName = Release;
		};
		2489482A25E52EF0002E7C99 /* Build configuration list for PBXNativeTarget "MajiDemoTests" */ = {
			isa = XCConfigurationList;
			buildConfigurations = (
				2489482B25E52EF0002E7C99 /* Debug */,
				2489482C25E52EF0002E7C99 /* Release */,
			);
			defaultConfigurationIsVisible = 0;
			defaultConfigurationName = Release;
		};
		2489482D25E52EF0002E7C99 /* Build configuration list for PBXNativeTarget "MajiDemoUITests" */ = {
			isa = XCConfigurationList;
			buildConfigurations = (
				2489482E25E52EF0002E7C99 /* Debug */,
				2489482F25E52EF0002E7C99 /* Release */,
			);
			defaultConfigurationIsVisible = 0;
			defaultConfigurationName = Release;
		};
/* End XCConfigurationList section */
	};
	rootObject = 248947F525E52EEC002E7C99 /* Project object */;
}
